
Microsoft Visual Studio Solution File, Format Version 12.00
# Visual Studio Version 17
VisualStudioVersion = 17.10.34916.146
MinimumVisualStudioVersion = 10.0.40219.1
Project("{FAE04EC0-301F-11D3-BF4B-00C04F79EFBC}") = "Feasibility", "Feasibility.csproj", "{F3D3EDD3-9C14-436F-B525-9843F0CB6779}"
EndProject
Global
	GlobalSection(SolutionConfigurationPlatforms) = preSolution
		Debug|Any CPU = Debug|Any CPU
		Release|Any CPU = Release|Any CPU
	EndGlobalSection
	GlobalSection(ProjectConfigurationPlatforms) = postSolution
		{F3D3EDD3-9C14-436F-B525-9843F0CB6779}.Debug|Any CPU.ActiveCfg = Debug|Any CPU
		{F3D3EDD3-9C14-436F-B525-9843F0CB6779}.Debug|Any CPU.Build.0 = Debug|Any CPU
		{F3D3EDD3-9C14-436F-B525-9843F0CB6779}.Release|Any CPU.ActiveCfg = Release|Any CPU
		{F3D3EDD3-9C14-436F-B525-9843F0CB6779}.Release|Any CPU.Build.0 = Release|Any CPU
	EndGlobalSection
	GlobalSection(SolutionProperties) = preSolution
		HideSolutionNode = FALSE
	EndGlobalSection
	GlobalSection(ExtensibilityGlobals) = postSolution
		SolutionGuid = {473B0F75-F94E-4775-A44E-530DF634BB67}
	EndGlobalSection
EndGlobal
